
Microsoft Visual Studio Solution File, Format Version 12.00
# Visual Studio Version 16
VisualStudioVersion = 16.0.31729.503
MinimumVisualStudioVersion = 10.0.40219.1
Project("{FAE04EC0-301F-11D3-BF4B-00C04F79EFBC}") = "P03_FootballBetting", "P03_FootballBetting\P03_FootballBetting.csproj", "{B7F48920-6464-4F4F-B446-5DD7AF10970D}"
EndProject
Project("{FAE04EC0-301F-11D3-BF4B-00C04F79EFBC}") = "P03_FootballBetting.Data", "P03_FootballBetting.Data\P03_FootballBetting.Data.csproj", "{4D241B7E-E2DF-4F9C-9145-FAA2D09AC760}"
EndProject
Project("{FAE04EC0-301F-11D3-BF4B-00C04F79EFBC}") = "P03_FootballBetting.Data.Models", "P03_FootballBetting.Data.Models\P03_FootballBetting.Data.Models.csproj", "{65E31271-603D-4170-B1EB-72FD5A9A9C1F}"
EndProject
Global
	GlobalSection(SolutionConfigurationPlatforms) = preSolution
		Debug|Any CPU = Debug|Any CPU
		Release|Any CPU = Release|Any CPU
	EndGlobalSection
	GlobalSection(ProjectConfigurationPlatforms) = postSolution
		{B7F48920-6464-4F4F-B446-5DD7AF10970D}.Debug|Any CPU.ActiveCfg = Debug|Any CPU
		{B7F48920-6464-4F4F-B446-5DD7AF10970D}.Debug|Any CPU.Build.0 = Debug|Any CPU
		{B7F48920-6464-4F4F-B446-5DD7AF10970D}.Release|Any CPU.ActiveCfg = Release|Any CPU
		{B7F48920-6464-4F4F-B446-5DD7AF10970D}.Release|Any CPU.Build.0 = Release|Any CPU
		{4D241B7E-E2DF-4F9C-9145-FAA2D09AC760}.Debug|Any CPU.ActiveCfg = Debug|Any CPU
		{4D241B7E-E2DF-4F9C-9145-FAA2D09AC760}.Debug|Any CPU.Build.0 = Debug|Any CPU
		{4D241B7E-E2DF-4F9C-9145-FAA2D09AC760}.Release|Any CPU.ActiveCfg = Release|Any CPU
		{4D241B7E-E2DF-4F9C-9145-FAA2D09AC760}.Release|Any CPU.Build.0 = Release|Any CPU
		{65E31271-603D-4170-B1EB-72FD5A9A9C1F}.Debug|Any CPU.ActiveCfg = Debug|Any CPU
		{65E31271-603D-4170-B1EB-72FD5A9A9C1F}.Debug|Any CPU.Build.0 = Debug|Any CPU
		{65E31271-603D-4170-B1EB-72FD5A9A9C1F}.Release|Any CPU.ActiveCfg = Release|Any CPU
		{65E31271-603D-4170-B1EB-72FD5A9A9C1F}.Release|Any CPU.Build.0 = Release|Any CPU
	EndGlobalSection
	GlobalSection(SolutionProperties) = preSolution
		HideSolutionNode = FALSE
	EndGlobalSection
	GlobalSection(ExtensibilityGlobals) = postSolution
		SolutionGuid = {87092FFF-1677-4CA8-90C7-8DC081B1160E}
	EndGlobalSection
EndGlobal
