
Microsoft Visual Studio Solution File, Format Version 12.00
# Visual Studio Version 16
VisualStudioVersion = 16.0.31729.503
MinimumVisualStudioVersion = 10.0.40219.1
Project("{FAE04EC0-301F-11D3-BF4B-00C04F79EFBC}") = "SoftUni", "SoftUni\SoftUni.csproj", "{844C1098-64B0-451C-A11F-7DB8985BA537}"
EndProject
Global
	GlobalSection(SolutionConfigurationPlatforms) = preSolution
		Debug|Any CPU = Debug|Any CPU
		Release|Any CPU = Release|Any CPU
	EndGlobalSection
	GlobalSection(ProjectConfigurationPlatforms) = postSolution
		{844C1098-64B0-451C-A11F-7DB8985BA537}.Debug|Any CPU.ActiveCfg = Debug|Any CPU
		{844C1098-64B0-451C-A11F-7DB8985BA537}.Debug|Any CPU.Build.0 = Debug|Any CPU
		{844C1098-64B0-451C-A11F-7DB8985BA537}.Release|Any CPU.ActiveCfg = Release|Any CPU
		{844C1098-64B0-451C-A11F-7DB8985BA537}.Release|Any CPU.Build.0 = Release|Any CPU
	EndGlobalSection
	GlobalSection(SolutionProperties) = preSolution
		HideSolutionNode = FALSE
	EndGlobalSection
	GlobalSection(ExtensibilityGlobals) = postSolution
		SolutionGuid = {7736CFAC-F409-43B4-84DD-0C1B8D5B0EF4}
	EndGlobalSection
EndGlobal
